// !$*UTF8*$!
{
	archiveVersion = 1;
	classes = {
	};
	objectVersion = 55;
	objects = {

/* Begin PBXBuildFile section */
		B50F8EFF28B18F020034B039 /* ProductCell.swift in Sources */ = {isa = PBXBuildFile; fileRef = B50F8EFE28B18F020034B039 /* ProductCell.swift */; };
		B50F8F0128B19B880034B039 /* AddToCartButton.swift in Sources */ = {isa = PBXBuildFile; fileRef = B50F8F0028B19B880034B039 /* AddToCartButton.swift */; };
		B50F8F0428B19CD30034B039 /* PlusMinusButton.swift in Sources */ = {isa = PBXBuildFile; fileRef = B50F8F0328B19CD30034B039 /* PlusMinusButton.swift */; };
		B50F8F0628B19E660034B039 /* AddToCartDomain.swift in Sources */ = {isa = PBXBuildFile; fileRef = B50F8F0528B19E660034B039 /* AddToCartDomain.swift */; };
		B50F8F0C28B2C1A70034B039 /* ProductDomain.swift in Sources */ = {isa = PBXBuildFile; fileRef = B50F8F0B28B2C1A70034B039 /* ProductDomain.swift */; };
		B50F8F1028B3D7FB0034B039 /* CartCell.swift in Sources */ = {isa = PBXBuildFile; fileRef = B50F8F0F28B3D7FB0034B039 /* CartCell.swift */; };
		B50F8F1328B482E80034B039 /* CartItemDomain.swift in Sources */ = {isa = PBXBuildFile; fileRef = B50F8F1228B482E80034B039 /* CartItemDomain.swift */; };
		B525334728AD3F6000B29A17 /* ProductListDomain.swift in Sources */ = {isa = PBXBuildFile; fileRef = B525334628AD3F6000B29A17 /* ProductListDomain.swift */; };
		B525334C28ADCBCE00B29A17 /* Product.swift in Sources */ = {isa = PBXBuildFile; fileRef = B525334B28ADCBCE00B29A17 /* Product.swift */; };
		B525334E28ADD6DE00B29A17 /* ProductListView.swift in Sources */ = {isa = PBXBuildFile; fileRef = B525334D28ADD6DE00B29A17 /* ProductListView.swift */; };
		B525335128AE87C700B29A17 /* CartListDomain.swift in Sources */ = {isa = PBXBuildFile; fileRef = B525335028AE87C700B29A17 /* CartListDomain.swift */; };
		B525335328AE883B00B29A17 /* CartItem.swift in Sources */ = {isa = PBXBuildFile; fileRef = B525335228AE883B00B29A17 /* CartItem.swift */; };
		B525335528AE8C5600B29A17 /* CartListView.swift in Sources */ = {isa = PBXBuildFile; fileRef = B525335428AE8C5600B29A17 /* CartListView.swift */; };
		B5389D1528B9AAA4002BF611 /* OnlineStoreTCATests.swift in Sources */ = {isa = PBXBuildFile; fileRef = B5389D1428B9AAA4002BF611 /* OnlineStoreTCATests.swift */; };
		B5389D1B28B9AAC6002BF611 /* AddToCartDomainTest.swift in Sources */ = {isa = PBXBuildFile; fileRef = B556E18428B919FB00CB51F4 /* AddToCartDomainTest.swift */; };
		B556E16428B5C44000CB51F4 /* APIClient.swift in Sources */ = {isa = PBXBuildFile; fileRef = B556E16328B5C44000CB51F4 /* APIClient.swift */; };
		B556E16B28B5CEA900CB51F4 /* ComposableArchitecture in Frameworks */ = {isa = PBXBuildFile; productRef = B556E16A28B5CEA900CB51F4 /* ComposableArchitecture */; };
		B556E17928B671AC00CB51F4 /* RootView.swift in Sources */ = {isa = PBXBuildFile; fileRef = B556E17828B671AC00CB51F4 /* RootView.swift */; };
		B556E17B28B6740A00CB51F4 /* RootDomain.swift in Sources */ = {isa = PBXBuildFile; fileRef = B556E17A28B6740A00CB51F4 /* RootDomain.swift */; };
		B556E17D28B7BE1600CB51F4 /* ProfileView.swift in Sources */ = {isa = PBXBuildFile; fileRef = B556E17C28B7BE1600CB51F4 /* ProfileView.swift */; };
		B556E17F28B7BE2D00CB51F4 /* ProfileDomain.swift in Sources */ = {isa = PBXBuildFile; fileRef = B556E17E28B7BE2D00CB51F4 /* ProfileDomain.swift */; };
		B556E18128B7BEC200CB51F4 /* UserProfile.swift in Sources */ = {isa = PBXBuildFile; fileRef = B556E18028B7BEC200CB51F4 /* UserProfile.swift */; };
		B556E18328B84F1500CB51F4 /* ErrorView.swift in Sources */ = {isa = PBXBuildFile; fileRef = B556E18228B84F1500CB51F4 /* ErrorView.swift */; };
		B5A5CFB5289C257900AC3E5E /* OnlineStoreTCAApp.swift in Sources */ = {isa = PBXBuildFile; fileRef = B5A5CFB4289C257900AC3E5E /* OnlineStoreTCAApp.swift */; };
		B5A5CFB9289C257B00AC3E5E /* Assets.xcassets in Resources */ = {isa = PBXBuildFile; fileRef = B5A5CFB8289C257B00AC3E5E /* Assets.xcassets */; };
		B5A5CFBC289C257B00AC3E5E /* Preview Assets.xcassets in Resources */ = {isa = PBXBuildFile; fileRef = B5A5CFBB289C257B00AC3E5E /* Preview Assets.xcassets */; };
/* End PBXBuildFile section */

/* Begin PBXContainerItemProxy section */
		B5389D1628B9AAA4002BF611 /* PBXContainerItemProxy */ = {
			isa = PBXContainerItemProxy;
			containerPortal = B5A5CFA9289C257900AC3E5E /* Project object */;
			proxyType = 1;
			remoteGlobalIDString = B5A5CFB0289C257900AC3E5E;
			remoteInfo = OnlineStoreTCA;
		};
/* End PBXContainerItemProxy section */

/* Begin PBXFileReference section */
		B50F8EFE28B18F020034B039 /* ProductCell.swift */ = {isa = PBXFileReference; lastKnownFileType = sourcecode.swift; path = ProductCell.swift; sourceTree = "<group>"; };
		B50F8F0028B19B880034B039 /* AddToCartButton.swift */ = {isa = PBXFileReference; lastKnownFileType = sourcecode.swift; path = AddToCartButton.swift; sourceTree = "<group>"; };
		B50F8F0328B19CD30034B039 /* PlusMinusButton.swift */ = {isa = PBXFileReference; lastKnownFileType = sourcecode.swift; path = PlusMinusButton.swift; sourceTree = "<group>"; };
		B50F8F0528B19E660034B039 /* AddToCartDomain.swift */ = {isa = PBXFileReference; lastKnownFileType = sourcecode.swift; path = AddToCartDomain.swift; sourceTree = "<group>"; };
		B50F8F0B28B2C1A70034B039 /* ProductDomain.swift */ = {isa = PBXFileReference; lastKnownFileType = sourcecode.swift; path = ProductDomain.swift; sourceTree = "<group>"; };
		B50F8F0F28B3D7FB0034B039 /* CartCell.swift */ = {isa = PBXFileReference; lastKnownFileType = sourcecode.swift; path = CartCell.swift; sourceTree = "<group>"; };
		B50F8F1228B482E80034B039 /* CartItemDomain.swift */ = {isa = PBXFileReference; lastKnownFileType = sourcecode.swift; path = CartItemDomain.swift; sourceTree = "<group>"; };
		B525334628AD3F6000B29A17 /* ProductListDomain.swift */ = {isa = PBXFileReference; lastKnownFileType = sourcecode.swift; path = ProductListDomain.swift; sourceTree = "<group>"; };
		B525334B28ADCBCE00B29A17 /* Product.swift */ = {isa = PBXFileReference; lastKnownFileType = sourcecode.swift; path = Product.swift; sourceTree = "<group>"; };
		B525334D28ADD6DE00B29A17 /* ProductListView.swift */ = {isa = PBXFileReference; lastKnownFileType = sourcecode.swift; path = ProductListView.swift; sourceTree = "<group>"; };
		B525335028AE87C700B29A17 /* CartListDomain.swift */ = {isa = PBXFileReference; lastKnownFileType = sourcecode.swift; path = CartListDomain.swift; sourceTree = "<group>"; };
		B525335228AE883B00B29A17 /* CartItem.swift */ = {isa = PBXFileReference; lastKnownFileType = sourcecode.swift; path = CartItem.swift; sourceTree = "<group>"; };
		B525335428AE8C5600B29A17 /* CartListView.swift */ = {isa = PBXFileReference; lastKnownFileType = sourcecode.swift; path = CartListView.swift; sourceTree = "<group>"; };
		B5389D1228B9AAA3002BF611 /* OnlineStoreTCATests.xctest */ = {isa = PBXFileReference; explicitFileType = wrapper.cfbundle; includeInIndex = 0; path = OnlineStoreTCATests.xctest; sourceTree = BUILT_PRODUCTS_DIR; };
		B5389D1428B9AAA4002BF611 /* OnlineStoreTCATests.swift */ = {isa = PBXFileReference; lastKnownFileType = sourcecode.swift; path = OnlineStoreTCATests.swift; sourceTree = "<group>"; };
		B556E16328B5C44000CB51F4 /* APIClient.swift */ = {isa = PBXFileReference; lastKnownFileType = sourcecode.swift; path = APIClient.swift; sourceTree = "<group>"; };
		B556E17828B671AC00CB51F4 /* RootView.swift */ = {isa = PBXFileReference; lastKnownFileType = sourcecode.swift; path = RootView.swift; sourceTree = "<group>"; };
		B556E17A28B6740A00CB51F4 /* RootDomain.swift */ = {isa = PBXFileReference; lastKnownFileType = sourcecode.swift; path = RootDomain.swift; sourceTree = "<group>"; };
		B556E17C28B7BE1600CB51F4 /* ProfileView.swift */ = {isa = PBXFileReference; lastKnownFileType = sourcecode.swift; path = ProfileView.swift; sourceTree = "<group>"; };
		B556E17E28B7BE2D00CB51F4 /* ProfileDomain.swift */ = {isa = PBXFileReference; lastKnownFileType = sourcecode.swift; path = ProfileDomain.swift; sourceTree = "<group>"; };
		B556E18028B7BEC200CB51F4 /* UserProfile.swift */ = {isa = PBXFileReference; lastKnownFileType = sourcecode.swift; path = UserProfile.swift; sourceTree = "<group>"; };
		B556E18228B84F1500CB51F4 /* ErrorView.swift */ = {isa = PBXFileReference; lastKnownFileType = sourcecode.swift; path = ErrorView.swift; sourceTree = "<group>"; };
		B556E18428B919FB00CB51F4 /* AddToCartDomainTest.swift */ = {isa = PBXFileReference; lastKnownFileType = sourcecode.swift; path = AddToCartDomainTest.swift; sourceTree = "<group>"; };
		B5A5CFB1289C257900AC3E5E /* OnlineStoreTCA.app */ = {isa = PBXFileReference; explicitFileType = wrapper.application; includeInIndex = 0; path = OnlineStoreTCA.app; sourceTree = BUILT_PRODUCTS_DIR; };
		B5A5CFB4289C257900AC3E5E /* OnlineStoreTCAApp.swift */ = {isa = PBXFileReference; lastKnownFileType = sourcecode.swift; path = OnlineStoreTCAApp.swift; sourceTree = "<group>"; };
		B5A5CFB8289C257B00AC3E5E /* Assets.xcassets */ = {isa = PBXFileReference; lastKnownFileType = folder.assetcatalog; path = Assets.xcassets; sourceTree = "<group>"; };
		B5A5CFBB289C257B00AC3E5E /* Preview Assets.xcassets */ = {isa = PBXFileReference; lastKnownFileType = folder.assetcatalog; path = "Preview Assets.xcassets"; sourceTree = "<group>"; };
/* End PBXFileReference section */

/* Begin PBXFrameworksBuildPhase section */
		B5389D0F28B9AAA3002BF611 /* Frameworks */ = {
			isa = PBXFrameworksBuildPhase;
			buildActionMask = 2147483647;
			files = (
			);
			runOnlyForDeploymentPostprocessing = 0;
		};
		B5A5CFAE289C257900AC3E5E /* Frameworks */ = {
			isa = PBXFrameworksBuildPhase;
			buildActionMask = 2147483647;
			files = (
				B556E16B28B5CEA900CB51F4 /* ComposableArchitecture in Frameworks */,
			);
			runOnlyForDeploymentPostprocessing = 0;
		};
/* End PBXFrameworksBuildPhase section */

/* Begin PBXGroup section */
		B50F8F0228B19CBD0034B039 /* AddToCart */ = {
			isa = PBXGroup;
			children = (
				B5BE68D728BA6E63008FC353 /* Test */,
				B50F8F0028B19B880034B039 /* AddToCartButton.swift */,
				B50F8F0328B19CD30034B039 /* PlusMinusButton.swift */,
				B50F8F0528B19E660034B039 /* AddToCartDomain.swift */,
			);
			path = AddToCart;
			sourceTree = "<group>";
		};
		B50F8F0D28B2C1C90034B039 /* ProductList */ = {
			isa = PBXGroup;
			children = (
				B525334628AD3F6000B29A17 /* ProductListDomain.swift */,
				B525334D28ADD6DE00B29A17 /* ProductListView.swift */,
				B556E18228B84F1500CB51F4 /* ErrorView.swift */,
			);
			path = ProductList;
			sourceTree = "<group>";
		};
		B50F8F0E28B2C1D40034B039 /* Product */ = {
			isa = PBXGroup;
			children = (
				B525334B28ADCBCE00B29A17 /* Product.swift */,
				B50F8EFE28B18F020034B039 /* ProductCell.swift */,
				B50F8F0B28B2C1A70034B039 /* ProductDomain.swift */,
			);
			path = Product;
			sourceTree = "<group>";
		};
		B50F8F1128B4814E0034B039 /* Cart */ = {
			isa = PBXGroup;
			children = (
				B525335228AE883B00B29A17 /* CartItem.swift */,
				B50F8F0F28B3D7FB0034B039 /* CartCell.swift */,
				B50F8F1228B482E80034B039 /* CartItemDomain.swift */,
			);
			path = Cart;
			sourceTree = "<group>";
		};
		B525334328AD3DCE00B29A17 /* Products */ = {
			isa = PBXGroup;
			children = (
				B50F8F0E28B2C1D40034B039 /* Product */,
				B50F8F0D28B2C1C90034B039 /* ProductList */,
				B50F8F0228B19CBD0034B039 /* AddToCart */,
			);
			path = Products;
			sourceTree = "<group>";
		};
		B525334428AD3DD500B29A17 /* Profile */ = {
			isa = PBXGroup;
			children = (
				B556E17C28B7BE1600CB51F4 /* ProfileView.swift */,
				B556E17E28B7BE2D00CB51F4 /* ProfileDomain.swift */,
				B556E18028B7BEC200CB51F4 /* UserProfile.swift */,
			);
			path = Profile;
			sourceTree = "<group>";
		};
		B525334528AD3DDF00B29A17 /* Root */ = {
			isa = PBXGroup;
			children = (
				B5A5CFB4289C257900AC3E5E /* OnlineStoreTCAApp.swift */,
				B556E17828B671AC00CB51F4 /* RootView.swift */,
				B556E17A28B6740A00CB51F4 /* RootDomain.swift */,
			);
			path = Root;
			sourceTree = "<group>";
		};
		B525334F28AE87B500B29A17 /* CartList */ = {
			isa = PBXGroup;
			children = (
				B50F8F1128B4814E0034B039 /* Cart */,
				B525335028AE87C700B29A17 /* CartListDomain.swift */,
				B525335428AE8C5600B29A17 /* CartListView.swift */,
			);
			path = CartList;
			sourceTree = "<group>";
		};
		B5389D1328B9AAA4002BF611 /* OnlineStoreTCATests */ = {
			isa = PBXGroup;
			children = (
				B5389D1428B9AAA4002BF611 /* OnlineStoreTCATests.swift */,
			);
			path = OnlineStoreTCATests;
			sourceTree = "<group>";
		};
		B556E16228B5BD6000CB51F4 /* Network */ = {
			isa = PBXGroup;
			children = (
				B556E16328B5C44000CB51F4 /* APIClient.swift */,
			);
			path = Network;
			sourceTree = "<group>";
		};
		B5A5CFA8289C257900AC3E5E = {
			isa = PBXGroup;
			children = (
				B5A5CFB3289C257900AC3E5E /* OnlineStoreTCA */,
				B5389D1328B9AAA4002BF611 /* OnlineStoreTCATests */,
				B5A5CFB2289C257900AC3E5E /* Products */,
			);
			sourceTree = "<group>";
		};
		B5A5CFB2289C257900AC3E5E /* Products */ = {
			isa = PBXGroup;
			children = (
				B5A5CFB1289C257900AC3E5E /* OnlineStoreTCA.app */,
				B5389D1228B9AAA3002BF611 /* OnlineStoreTCATests.xctest */,
			);
			name = Products;
			sourceTree = "<group>";
		};
		B5A5CFB3289C257900AC3E5E /* OnlineStoreTCA */ = {
			isa = PBXGroup;
			children = (
				B556E16228B5BD6000CB51F4 /* Network */,
				B525334F28AE87B500B29A17 /* CartList */,
				B525334528AD3DDF00B29A17 /* Root */,
				B525334428AD3DD500B29A17 /* Profile */,
				B525334328AD3DCE00B29A17 /* Products */,
				B5A5CFB8289C257B00AC3E5E /* Assets.xcassets */,
				B5A5CFBA289C257B00AC3E5E /* Preview Content */,
			);
			path = OnlineStoreTCA;
			sourceTree = "<group>";
		};
		B5A5CFBA289C257B00AC3E5E /* Preview Content */ = {
			isa = PBXGroup;
			children = (
				B5A5CFBB289C257B00AC3E5E /* Preview Assets.xcassets */,
			);
			path = "Preview Content";
			sourceTree = "<group>";
		};
		B5BE68D728BA6E63008FC353 /* Test */ = {
			isa = PBXGroup;
			children = (
				B556E18428B919FB00CB51F4 /* AddToCartDomainTest.swift */,
			);
			path = Test;
			sourceTree = "<group>";
		};
/* End PBXGroup section */

/* Begin PBXNativeTarget section */
		B5389D1128B9AAA3002BF611 /* OnlineStoreTCATests */ = {
			isa = PBXNativeTarget;
			buildConfigurationList = B5389D1A28B9AAA4002BF611 /* Build configuration list for PBXNativeTarget "OnlineStoreTCATests" */;
			buildPhases = (
				B5389D0E28B9AAA3002BF611 /* Sources */,
				B5389D0F28B9AAA3002BF611 /* Frameworks */,
				B5389D1028B9AAA3002BF611 /* Resources */,
			);
			buildRules = (
			);
			dependencies = (
				B5389D1728B9AAA4002BF611 /* PBXTargetDependency */,
			);
			name = OnlineStoreTCATests;
			productName = OnlineStoreTCATests;
			productReference = B5389D1228B9AAA3002BF611 /* OnlineStoreTCATests.xctest */;
			productType = "com.apple.product-type.bundle.unit-test";
		};
		B5A5CFB0289C257900AC3E5E /* OnlineStoreTCA */ = {
			isa = PBXNativeTarget;
			buildConfigurationList = B5A5CFBF289C257B00AC3E5E /* Build configuration list for PBXNativeTarget "OnlineStoreTCA" */;
			buildPhases = (
				B5A5CFAD289C257900AC3E5E /* Sources */,
				B5A5CFAE289C257900AC3E5E /* Frameworks */,
				B5A5CFAF289C257900AC3E5E /* Resources */,
			);
			buildRules = (
			);
			dependencies = (
			);
			name = OnlineStoreTCA;
			packageProductDependencies = (
				B556E16A28B5CEA900CB51F4 /* ComposableArchitecture */,
			);
			productName = OnlineStoreTCA;
			productReference = B5A5CFB1289C257900AC3E5E /* OnlineStoreTCA.app */;
			productType = "com.apple.product-type.application";
		};
/* End PBXNativeTarget section */

/* Begin PBXProject section */
		B5A5CFA9289C257900AC3E5E /* Project object */ = {
			isa = PBXProject;
			attributes = {
				BuildIndependentTargetsInParallel = 1;
				LastSwiftUpdateCheck = 1400;
				LastUpgradeCheck = 1330;
				TargetAttributes = {
					B5389D1128B9AAA3002BF611 = {
						CreatedOnToolsVersion = 14.0;
						TestTargetID = B5A5CFB0289C257900AC3E5E;
					};
					B5A5CFB0289C257900AC3E5E = {
						CreatedOnToolsVersion = 13.3;
					};
				};
			};
			buildConfigurationList = B5A5CFAC289C257900AC3E5E /* Build configuration list for PBXProject "OnlineStoreTCA" */;
			compatibilityVersion = "Xcode 13.0";
			developmentRegion = en;
			hasScannedForEncodings = 0;
			knownRegions = (
				en,
				Base,
			);
			mainGroup = B5A5CFA8289C257900AC3E5E;
			packageReferences = (
				B556E16928B5CEA900CB51F4 /* XCRemoteSwiftPackageReference "swift-composable-architecture" */,
			);
			productRefGroup = B5A5CFB2289C257900AC3E5E /* Products */;
			projectDirPath = "";
			projectRoot = "";
			targets = (
				B5A5CFB0289C257900AC3E5E /* OnlineStoreTCA */,
				B5389D1128B9AAA3002BF611 /* OnlineStoreTCATests */,
			);
		};
/* End PBXProject section */

/* Begin PBXResourcesBuildPhase section */
		B5389D1028B9AAA3002BF611 /* Resources */ = {
			isa = PBXResourcesBuildPhase;
			buildActionMask = 2147483647;
			files = (
			);
			runOnlyForDeploymentPostprocessing = 0;
		};
		B5A5CFAF289C257900AC3E5E /* Resources */ = {
			isa = PBXResourcesBuildPhase;
			buildActionMask = 2147483647;
			files = (
				B5A5CFBC289C257B00AC3E5E /* Preview Assets.xcassets in Resources */,
				B5A5CFB9289C257B00AC3E5E /* Assets.xcassets in Resources */,
			);
			runOnlyForDeploymentPostprocessing = 0;
		};
/* End PBXResourcesBuildPhase section */

/* Begin PBXSourcesBuildPhase section */
		B5389D0E28B9AAA3002BF611 /* Sources */ = {
			isa = PBXSourcesBuildPhase;
			buildActionMask = 2147483647;
			files = (
				B5389D1B28B9AAC6002BF611 /* AddToCartDomainTest.swift in Sources */,
				B5389D1528B9AAA4002BF611 /* OnlineStoreTCATests.swift in Sources */,
			);
			runOnlyForDeploymentPostprocessing = 0;
		};
		B5A5CFAD289C257900AC3E5E /* Sources */ = {
			isa = PBXSourcesBuildPhase;
			buildActionMask = 2147483647;
			files = (
				B525335128AE87C700B29A17 /* CartListDomain.swift in Sources */,
				B50F8F0128B19B880034B039 /* AddToCartButton.swift in Sources */,
				B50F8F1328B482E80034B039 /* CartItemDomain.swift in Sources */,
				B525335528AE8C5600B29A17 /* CartListView.swift in Sources */,
				B556E18328B84F1500CB51F4 /* ErrorView.swift in Sources */,
				B50F8F0628B19E660034B039 /* AddToCartDomain.swift in Sources */,
				B556E17B28B6740A00CB51F4 /* RootDomain.swift in Sources */,
				B525334E28ADD6DE00B29A17 /* ProductListView.swift in Sources */,
				B5A5CFB5289C257900AC3E5E /* OnlineStoreTCAApp.swift in Sources */,
				B50F8F1028B3D7FB0034B039 /* CartCell.swift in Sources */,
				B556E17F28B7BE2D00CB51F4 /* ProfileDomain.swift in Sources */,
				B556E17928B671AC00CB51F4 /* RootView.swift in Sources */,
				B556E17D28B7BE1600CB51F4 /* ProfileView.swift in Sources */,
				B556E18128B7BEC200CB51F4 /* UserProfile.swift in Sources */,
				B556E16428B5C44000CB51F4 /* APIClient.swift in Sources */,
				B525334728AD3F6000B29A17 /* ProductListDomain.swift in Sources */,
				B50F8F0C28B2C1A70034B039 /* ProductDomain.swift in Sources */,
				B50F8EFF28B18F020034B039 /* ProductCell.swift in Sources */,
				B525335328AE883B00B29A17 /* CartItem.swift in Sources */,
				B50F8F0428B19CD30034B039 /* PlusMinusButton.swift in Sources */,
				B525334C28ADCBCE00B29A17 /* Product.swift in Sources */,
			);
			runOnlyForDeploymentPostprocessing = 0;
		};
/* End PBXSourcesBuildPhase section */

/* Begin PBXTargetDependency section */
		B5389D1728B9AAA4002BF611 /* PBXTargetDependency */ = {
			isa = PBXTargetDependency;
			target = B5A5CFB0289C257900AC3E5E /* OnlineStoreTCA */;
			targetProxy = B5389D1628B9AAA4002BF611 /* PBXContainerItemProxy */;
		};
/* End PBXTargetDependency section */

/* Begin XCBuildConfiguration section */
		B5389D1828B9AAA4002BF611 /* Debug */ = {
			isa = XCBuildConfiguration;
			buildSettings = {
				BUNDLE_LOADER = "$(TEST_HOST)";
				CLANG_CXX_LANGUAGE_STANDARD = "gnu++20";
				CODE_SIGN_STYLE = Automatic;
				CURRENT_PROJECT_VERSION = 1;
				DEVELOPMENT_TEAM = LHJA6J73E9;
				GENERATE_INFOPLIST_FILE = YES;
				IPHONEOS_DEPLOYMENT_TARGET = 15.4;
				MARKETING_VERSION = 1.0;
				PRODUCT_BUNDLE_IDENTIFIER = com.swiftandtips.OnlineStoreTCATests;
				PRODUCT_NAME = "$(TARGET_NAME)";
				SWIFT_EMIT_LOC_STRINGS = NO;
				SWIFT_VERSION = 5.0;
				TARGETED_DEVICE_FAMILY = "1,2";
				TEST_HOST = "$(BUILT_PRODUCTS_DIR)/OnlineStoreTCA.app/OnlineStoreTCA";
			};
			name = Debug;
		};
		B5389D1928B9AAA4002BF611 /* Release */ = {
			isa = XCBuildConfiguration;
			buildSettings = {
				BUNDLE_LOADER = "$(TEST_HOST)";
				CLANG_CXX_LANGUAGE_STANDARD = "gnu++20";
				CODE_SIGN_STYLE = Automatic;
				CURRENT_PROJECT_VERSION = 1;
				DEVELOPMENT_TEAM = LHJA6J73E9;
				GENERATE_INFOPLIST_FILE = YES;
				IPHONEOS_DEPLOYMENT_TARGET = 15.4;
				MARKETING_VERSION = 1.0;
				PRODUCT_BUNDLE_IDENTIFIER = com.swiftandtips.OnlineStoreTCATests;
				PRODUCT_NAME = "$(TARGET_NAME)";
				SWIFT_EMIT_LOC_STRINGS = NO;
				SWIFT_VERSION = 5.0;
				TARGETED_DEVICE_FAMILY = "1,2";
				TEST_HOST = "$(BUILT_PRODUCTS_DIR)/OnlineStoreTCA.app/OnlineStoreTCA";
			};
			name = Release;
		};
		B5A5CFBD289C257B00AC3E5E /* Debug */ = {
			isa = XCBuildConfiguration;
			buildSettings = {
				ALWAYS_SEARCH_USER_PATHS = NO;
				CLANG_ANALYZER_NONNULL = YES;
				CLANG_ANALYZER_NUMBER_OBJECT_CONVERSION = YES_AGGRESSIVE;
				CLANG_CXX_LANGUAGE_STANDARD = "gnu++17";
				CLANG_ENABLE_MODULES = YES;
				CLANG_ENABLE_OBJC_ARC = YES;
				CLANG_ENABLE_OBJC_WEAK = YES;
				CLANG_WARN_BLOCK_CAPTURE_AUTORELEASING = YES;
				CLANG_WARN_BOOL_CONVERSION = YES;
				CLANG_WARN_COMMA = YES;
				CLANG_WARN_CONSTANT_CONVERSION = YES;
				CLANG_WARN_DEPRECATED_OBJC_IMPLEMENTATIONS = YES;
				CLANG_WARN_DIRECT_OBJC_ISA_USAGE = YES_ERROR;
				CLANG_WARN_DOCUMENTATION_COMMENTS = YES;
				CLANG_WARN_EMPTY_BODY = YES;
				CLANG_WARN_ENUM_CONVERSION = YES;
				CLANG_WARN_INFINITE_RECURSION = YES;
				CLANG_WARN_INT_CONVERSION = YES;
				CLANG_WARN_NON_LITERAL_NULL_CONVERSION = YES;
				CLANG_WARN_OBJC_IMPLICIT_RETAIN_SELF = YES;
				CLANG_WARN_OBJC_LITERAL_CONVERSION = YES;
				CLANG_WARN_OBJC_ROOT_CLASS = YES_ERROR;
				CLANG_WARN_QUOTED_INCLUDE_IN_FRAMEWORK_HEADER = YES;
				CLANG_WARN_RANGE_LOOP_ANALYSIS = YES;
				CLANG_WARN_STRICT_PROTOTYPES = YES;
				CLANG_WARN_SUSPICIOUS_MOVE = YES;
				CLANG_WARN_UNGUARDED_AVAILABILITY = YES_AGGRESSIVE;
				CLANG_WARN_UNREACHABLE_CODE = YES;
				CLANG_WARN__DUPLICATE_METHOD_MATCH = YES;
				COPY_PHASE_STRIP = NO;
				DEBUG_INFORMATION_FORMAT = dwarf;
				ENABLE_STRICT_OBJC_MSGSEND = YES;
				ENABLE_TESTABILITY = YES;
				GCC_C_LANGUAGE_STANDARD = gnu11;
				GCC_DYNAMIC_NO_PIC = NO;
				GCC_NO_COMMON_BLOCKS = YES;
				GCC_OPTIMIZATION_LEVEL = 0;
				GCC_PREPROCESSOR_DEFINITIONS = (
					"DEBUG=1",
					"$(inherited)",
				);
				GCC_WARN_64_TO_32_BIT_CONVERSION = YES;
				GCC_WARN_ABOUT_RETURN_TYPE = YES_ERROR;
				GCC_WARN_UNDECLARED_SELECTOR = YES;
				GCC_WARN_UNINITIALIZED_AUTOS = YES_AGGRESSIVE;
				GCC_WARN_UNUSED_FUNCTION = YES;
				GCC_WARN_UNUSED_VARIABLE = YES;
				IPHONEOS_DEPLOYMENT_TARGET = 15.4;
				MTL_ENABLE_DEBUG_INFO = INCLUDE_SOURCE;
				MTL_FAST_MATH = YES;
				ONLY_ACTIVE_ARCH = YES;
				SDKROOT = iphoneos;
				SWIFT_ACTIVE_COMPILATION_CONDITIONS = DEBUG;
				SWIFT_OPTIMIZATION_LEVEL = "-Onone";
			};
			name = Debug;
		};
		B5A5CFBE289C257B00AC3E5E /* Release */ = {
			isa = XCBuildConfiguration;
			buildSettings = {
				ALWAYS_SEARCH_USER_PATHS = NO;
				CLANG_ANALYZER_NONNULL = YES;
				CLANG_ANALYZER_NUMBER_OBJECT_CONVERSION = YES_AGGRESSIVE;
				CLANG_CXX_LANGUAGE_STANDARD = "gnu++17";
				CLANG_ENABLE_MODULES = YES;
				CLANG_ENABLE_OBJC_ARC = YES;
				CLANG_ENABLE_OBJC_WEAK = YES;
				CLANG_WARN_BLOCK_CAPTURE_AUTORELEASING = YES;
				CLANG_WARN_BOOL_CONVERSION = YES;
				CLANG_WARN_COMMA = YES;
				CLANG_WARN_CONSTANT_CONVERSION = YES;
				CLANG_WARN_DEPRECATED_OBJC_IMPLEMENTATIONS = YES;
				CLANG_WARN_DIRECT_OBJC_ISA_USAGE = YES_ERROR;
				CLANG_WARN_DOCUMENTATION_COMMENTS = YES;
				CLANG_WARN_EMPTY_BODY = YES;
				CLANG_WARN_ENUM_CONVERSION = YES;
				CLANG_WARN_INFINITE_RECURSION = YES;
				CLANG_WARN_INT_CONVERSION = YES;
				CLANG_WARN_NON_LITERAL_NULL_CONVERSION = YES;
				CLANG_WARN_OBJC_IMPLICIT_RETAIN_SELF = YES;
				CLANG_WARN_OBJC_LITERAL_CONVERSION = YES;
				CLANG_WARN_OBJC_ROOT_CLASS = YES_ERROR;
				CLANG_WARN_QUOTED_INCLUDE_IN_FRAMEWORK_HEADER = YES;
				CLANG_WARN_RANGE_LOOP_ANALYSIS = YES;
				CLANG_WARN_STRICT_PROTOTYPES = YES;
				CLANG_WARN_SUSPICIOUS_MOVE = YES;
				CLANG_WARN_UNGUARDED_AVAILABILITY = YES_AGGRESSIVE;
				CLANG_WARN_UNREACHABLE_CODE = YES;
				CLANG_WARN__DUPLICATE_METHOD_MATCH = YES;
				COPY_PHASE_STRIP = NO;
				DEBUG_INFORMATION_FORMAT = "dwarf-with-dsym";
				ENABLE_NS_ASSERTIONS = NO;
				ENABLE_STRICT_OBJC_MSGSEND = YES;
				GCC_C_LANGUAGE_STANDARD = gnu11;
				GCC_NO_COMMON_BLOCKS = YES;
				GCC_WARN_64_TO_32_BIT_CONVERSION = YES;
				GCC_WARN_ABOUT_RETURN_TYPE = YES_ERROR;
				GCC_WARN_UNDECLARED_SELECTOR = YES;
				GCC_WARN_UNINITIALIZED_AUTOS = YES_AGGRESSIVE;
				GCC_WARN_UNUSED_FUNCTION = YES;
				GCC_WARN_UNUSED_VARIABLE = YES;
				IPHONEOS_DEPLOYMENT_TARGET = 15.4;
				MTL_ENABLE_DEBUG_INFO = NO;
				MTL_FAST_MATH = YES;
				SDKROOT = iphoneos;
				SWIFT_COMPILATION_MODE = wholemodule;
				SWIFT_OPTIMIZATION_LEVEL = "-O";
				VALIDATE_PRODUCT = YES;
			};
			name = Release;
		};
		B5A5CFC0289C257B00AC3E5E /* Debug */ = {
			isa = XCBuildConfiguration;
			buildSettings = {
				ASSETCATALOG_COMPILER_APPICON_NAME = AppIcon;
				ASSETCATALOG_COMPILER_GLOBAL_ACCENT_COLOR_NAME = AccentColor;
				CODE_SIGN_STYLE = Automatic;
				CURRENT_PROJECT_VERSION = 1;
				DEVELOPMENT_ASSET_PATHS = "\"OnlineStoreTCA/Preview Content\"";
				DEVELOPMENT_TEAM = LHJA6J73E9;
				ENABLE_PREVIEWS = YES;
				GENERATE_INFOPLIST_FILE = YES;
				INFOPLIST_KEY_UIApplicationSceneManifest_Generation = YES;
				INFOPLIST_KEY_UIApplicationSupportsIndirectInputEvents = YES;
				INFOPLIST_KEY_UILaunchScreen_Generation = YES;
				INFOPLIST_KEY_UISupportedInterfaceOrientations_iPad = "UIInterfaceOrientationPortrait UIInterfaceOrientationPortraitUpsideDown UIInterfaceOrientationLandscapeLeft UIInterfaceOrientationLandscapeRight";
				INFOPLIST_KEY_UISupportedInterfaceOrientations_iPhone = "UIInterfaceOrientationPortrait UIInterfaceOrientationLandscapeLeft UIInterfaceOrientationLandscapeRight";
				LD_RUNPATH_SEARCH_PATHS = (
					"$(inherited)",
					"@executable_path/Frameworks",
				);
				MARKETING_VERSION = 1.0;
				PRODUCT_BUNDLE_IDENTIFIER = com.swiftandtips.OnlineStoreTCA;
				PRODUCT_NAME = "$(TARGET_NAME)";
				SWIFT_EMIT_LOC_STRINGS = YES;
				SWIFT_VERSION = 5.0;
				TARGETED_DEVICE_FAMILY = "1,2";
			};
			name = Debug;
		};
		B5A5CFC1289C257B00AC3E5E /* Release */ = {
			isa = XCBuildConfiguration;
			buildSettings = {
				ASSETCATALOG_COMPILER_APPICON_NAME = AppIcon;
				ASSETCATALOG_COMPILER_GLOBAL_ACCENT_COLOR_NAME = AccentColor;
				CODE_SIGN_STYLE = Automatic;
				CURRENT_PROJECT_VERSION = 1;
				DEVELOPMENT_ASSET_PATHS = "\"OnlineStoreTCA/Preview Content\"";
				DEVELOPMENT_TEAM = LHJA6J73E9;
				ENABLE_PREVIEWS = YES;
				GENERATE_INFOPLIST_FILE = YES;
				INFOPLIST_KEY_UIApplicationSceneManifest_Generation = YES;
				INFOPLIST_KEY_UIApplicationSupportsIndirectInputEvents = YES;
				INFOPLIST_KEY_UILaunchScreen_Generation = YES;
				INFOPLIST_KEY_UISupportedInterfaceOrientations_iPad = "UIInterfaceOrientationPortrait UIInterfaceOrientationPortraitUpsideDown UIInterfaceOrientationLandscapeLeft UIInterfaceOrientationLandscapeRight";
				INFOPLIST_KEY_UISupportedInterfaceOrientations_iPhone = "UIInterfaceOrientationPortrait UIInterfaceOrientationLandscapeLeft UIInterfaceOrientationLandscapeRight";
				LD_RUNPATH_SEARCH_PATHS = (
					"$(inherited)",
					"@executable_path/Frameworks",
				);
				MARKETING_VERSION = 1.0;
				PRODUCT_BUNDLE_IDENTIFIER = com.swiftandtips.OnlineStoreTCA;
				PRODUCT_NAME = "$(TARGET_NAME)";
				SWIFT_EMIT_LOC_STRINGS = YES;
				SWIFT_VERSION = 5.0;
				TARGETED_DEVICE_FAMILY = "1,2";
			};
			name = Release;
		};
/* End XCBuildConfiguration section */

/* Begin XCConfigurationList section */
		B5389D1A28B9AAA4002BF611 /* Build configuration list for PBXNativeTarget "OnlineStoreTCATests" */ = {
			isa = XCConfigurationList;
			buildConfigurations = (
				B5389D1828B9AAA4002BF611 /* Debug */,
				B5389D1928B9AAA4002BF611 /* Release */,
			);
			defaultConfigurationIsVisible = 0;
			defaultConfigurationName = Release;
		};
		B5A5CFAC289C257900AC3E5E /* Build configuration list for PBXProject "OnlineStoreTCA" */ = {
			isa = XCConfigurationList;
			buildConfigurations = (
				B5A5CFBD289C257B00AC3E5E /* Debug */,
				B5A5CFBE289C257B00AC3E5E /* Release */,
			);
			defaultConfigurationIsVisible = 0;
			defaultConfigurationName = Release;
		};
		B5A5CFBF289C257B00AC3E5E /* Build configuration list for PBXNativeTarget "OnlineStoreTCA" */ = {
			isa = XCConfigurationList;
			buildConfigurations = (
				B5A5CFC0289C257B00AC3E5E /* Debug */,
				B5A5CFC1289C257B00AC3E5E /* Release */,
			);
			defaultConfigurationIsVisible = 0;
			defaultConfigurationName = Release;
		};
/* End XCConfigurationList section */

/* Begin XCRemoteSwiftPackageReference section */
		B556E16928B5CEA900CB51F4 /* XCRemoteSwiftPackageReference "swift-composable-architecture" */ = {
			isa = XCRemoteSwiftPackageReference;
			repositoryURL = "https://github.com/pointfreeco/swift-composable-architecture.git";
			requirement = {
				branch = main;
				kind = branch;
			};
		};
/* End XCRemoteSwiftPackageReference section */

/* Begin XCSwiftPackageProductDependency section */
		B556E16A28B5CEA900CB51F4 /* ComposableArchitecture */ = {
			isa = XCSwiftPackageProductDependency;
			package = B556E16928B5CEA900CB51F4 /* XCRemoteSwiftPackageReference "swift-composable-architecture" */;
			productName = ComposableArchitecture;
		};
/* End XCSwiftPackageProductDependency section */
	};
	rootObject = B5A5CFA9289C257900AC3E5E /* Project object */;
}
