// !$*UTF8*$!
{
	archiveVersion = 1;
	classes = {
	};
	objectVersion = 55;
	objects = {

/* Begin PBXBuildFile section */
		B5DA7C5D283D2E6A00AFA436 /* AmiiboTCAApp.swift in Sources */ = {isa = PBXBuildFile; fileRef = B5DA7C5C283D2E6A00AFA436 /* AmiiboTCAApp.swift */; };
		B5DA7C61283D2E6B00AFA436 /* Assets.xcassets in Resources */ = {isa = PBXBuildFile; fileRef = B5DA7C60283D2E6B00AFA436 /* Assets.xcassets */; };
		B5DA7C64283D2E6B00AFA436 /* Preview Assets.xcassets in Resources */ = {isa = PBXBuildFile; fileRef = B5DA7C63283D2E6B00AFA436 /* Preview Assets.xcassets */; };
		B5DA7C9F2849DBD800AFA436 /* RootView.swift in Sources */ = {isa = PBXBuildFile; fileRef = B5DA7C9E2849DBD800AFA436 /* RootView.swift */; };
		B5DA7CA32849DCE700AFA436 /* AmiiboListView.swift in Sources */ = {isa = PBXBuildFile; fileRef = B5DA7CA22849DCE700AFA436 /* AmiiboListView.swift */; };
		B5DA7CA52849DCF000AFA436 /* ProfileView.swift in Sources */ = {isa = PBXBuildFile; fileRef = B5DA7CA42849DCF000AFA436 /* ProfileView.swift */; };
		B5DA7CA72849DDB800AFA436 /* AmiiboCell.swift in Sources */ = {isa = PBXBuildFile; fileRef = B5DA7CA62849DDB800AFA436 /* AmiiboCell.swift */; };
		B5DA7CAA284D2F5500AFA436 /* CartView.swift in Sources */ = {isa = PBXBuildFile; fileRef = B5DA7CA9284D2F5500AFA436 /* CartView.swift */; };
		B5DA7CAE284D427800AFA436 /* ComposableArchitecture in Frameworks */ = {isa = PBXBuildFile; productRef = B5DA7CAD284D427800AFA436 /* ComposableArchitecture */; };
		B5DA7CB1284D43BC00AFA436 /* AmiiboDomain.swift in Sources */ = {isa = PBXBuildFile; fileRef = B5DA7CB0284D43BC00AFA436 /* AmiiboDomain.swift */; };
		B5DA7CB3284D449600AFA436 /* Amiibo.swift in Sources */ = {isa = PBXBuildFile; fileRef = B5DA7CB2284D449600AFA436 /* Amiibo.swift */; };
		B5DA7CB6284D4ACF00AFA436 /* APIError.swift in Sources */ = {isa = PBXBuildFile; fileRef = B5DA7CB5284D4ACF00AFA436 /* APIError.swift */; };
		B5DA7CB8284D4B5900AFA436 /* SystemEnvironment.swift in Sources */ = {isa = PBXBuildFile; fileRef = B5DA7CB7284D4B5900AFA436 /* SystemEnvironment.swift */; };
/* End PBXBuildFile section */

/* Begin PBXFileReference section */
		B5DA7C59283D2E6A00AFA436 /* AmiiboTCA.app */ = {isa = PBXFileReference; explicitFileType = wrapper.application; includeInIndex = 0; path = AmiiboTCA.app; sourceTree = BUILT_PRODUCTS_DIR; };
		B5DA7C5C283D2E6A00AFA436 /* AmiiboTCAApp.swift */ = {isa = PBXFileReference; lastKnownFileType = sourcecode.swift; path = AmiiboTCAApp.swift; sourceTree = "<group>"; };
		B5DA7C60283D2E6B00AFA436 /* Assets.xcassets */ = {isa = PBXFileReference; lastKnownFileType = folder.assetcatalog; path = Assets.xcassets; sourceTree = "<group>"; };
		B5DA7C63283D2E6B00AFA436 /* Preview Assets.xcassets */ = {isa = PBXFileReference; lastKnownFileType = folder.assetcatalog; path = "Preview Assets.xcassets"; sourceTree = "<group>"; };
		B5DA7C9E2849DBD800AFA436 /* RootView.swift */ = {isa = PBXFileReference; lastKnownFileType = sourcecode.swift; path = RootView.swift; sourceTree = "<group>"; };
		B5DA7CA22849DCE700AFA436 /* AmiiboListView.swift */ = {isa = PBXFileReference; lastKnownFileType = sourcecode.swift; path = AmiiboListView.swift; sourceTree = "<group>"; };
		B5DA7CA42849DCF000AFA436 /* ProfileView.swift */ = {isa = PBXFileReference; lastKnownFileType = sourcecode.swift; path = ProfileView.swift; sourceTree = "<group>"; };
		B5DA7CA62849DDB800AFA436 /* AmiiboCell.swift */ = {isa = PBXFileReference; lastKnownFileType = sourcecode.swift; path = AmiiboCell.swift; sourceTree = "<group>"; };
		B5DA7CA9284D2F5500AFA436 /* CartView.swift */ = {isa = PBXFileReference; lastKnownFileType = sourcecode.swift; path = CartView.swift; sourceTree = "<group>"; };
		B5DA7CB0284D43BC00AFA436 /* AmiiboDomain.swift */ = {isa = PBXFileReference; lastKnownFileType = sourcecode.swift; path = AmiiboDomain.swift; sourceTree = "<group>"; };
		B5DA7CB2284D449600AFA436 /* Amiibo.swift */ = {isa = PBXFileReference; lastKnownFileType = sourcecode.swift; path = Amiibo.swift; sourceTree = "<group>"; };
		B5DA7CB5284D4ACF00AFA436 /* APIError.swift */ = {isa = PBXFileReference; lastKnownFileType = sourcecode.swift; path = APIError.swift; sourceTree = "<group>"; };
		B5DA7CB7284D4B5900AFA436 /* SystemEnvironment.swift */ = {isa = PBXFileReference; lastKnownFileType = sourcecode.swift; path = SystemEnvironment.swift; sourceTree = "<group>"; };
/* End PBXFileReference section */

/* Begin PBXFrameworksBuildPhase section */
		B5DA7C56283D2E6A00AFA436 /* Frameworks */ = {
			isa = PBXFrameworksBuildPhase;
			buildActionMask = 2147483647;
			files = (
				B5DA7CAE284D427800AFA436 /* ComposableArchitecture in Frameworks */,
			);
			runOnlyForDeploymentPostprocessing = 0;
		};
/* End PBXFrameworksBuildPhase section */

/* Begin PBXGroup section */
		B5DA7C50283D2E6A00AFA436 = {
			isa = PBXGroup;
			children = (
				B5DA7C5B283D2E6A00AFA436 /* AmiiboTCA */,
				B5DA7C5A283D2E6A00AFA436 /* Products */,
			);
			sourceTree = "<group>";
		};
		B5DA7C5A283D2E6A00AFA436 /* Products */ = {
			isa = PBXGroup;
			children = (
				B5DA7C59283D2E6A00AFA436 /* AmiiboTCA.app */,
			);
			name = Products;
			sourceTree = "<group>";
		};
		B5DA7C5B283D2E6A00AFA436 /* AmiiboTCA */ = {
			isa = PBXGroup;
			children = (
				B5DA7CB4284D4AC000AFA436 /* System */,
				B5DA7CA8284D2F4500AFA436 /* Cart */,
				B5DA7CA12849DCD800AFA436 /* Profile */,
				B5DA7CA02849DCD000AFA436 /* Amiibo */,
				B5DA7C5C283D2E6A00AFA436 /* AmiiboTCAApp.swift */,
				B5DA7C9E2849DBD800AFA436 /* RootView.swift */,
				B5DA7C60283D2E6B00AFA436 /* Assets.xcassets */,
				B5DA7C62283D2E6B00AFA436 /* Preview Content */,
			);
			path = AmiiboTCA;
			sourceTree = "<group>";
		};
		B5DA7C62283D2E6B00AFA436 /* Preview Content */ = {
			isa = PBXGroup;
			children = (
				B5DA7C63283D2E6B00AFA436 /* Preview Assets.xcassets */,
			);
			path = "Preview Content";
			sourceTree = "<group>";
		};
		B5DA7CA02849DCD000AFA436 /* Amiibo */ = {
			isa = PBXGroup;
			children = (
				B5DA7CAF284D439F00AFA436 /* Domain */,
				B5DA7CA22849DCE700AFA436 /* AmiiboListView.swift */,
				B5DA7CA62849DDB800AFA436 /* AmiiboCell.swift */,
			);
			path = Amiibo;
			sourceTree = "<group>";
		};
		B5DA7CA12849DCD800AFA436 /* Profile */ = {
			isa = PBXGroup;
			children = (
				B5DA7CA42849DCF000AFA436 /* ProfileView.swift */,
			);
			path = Profile;
			sourceTree = "<group>";
		};
		B5DA7CA8284D2F4500AFA436 /* Cart */ = {
			isa = PBXGroup;
			children = (
				B5DA7CA9284D2F5500AFA436 /* CartView.swift */,
			);
			path = Cart;
			sourceTree = "<group>";
		};
		B5DA7CAF284D439F00AFA436 /* Domain */ = {
			isa = PBXGroup;
			children = (
				B5DA7CB0284D43BC00AFA436 /* AmiiboDomain.swift */,
				B5DA7CB2284D449600AFA436 /* Amiibo.swift */,
			);
			path = Domain;
			sourceTree = "<group>";
		};
		B5DA7CB4284D4AC000AFA436 /* System */ = {
			isa = PBXGroup;
			children = (
				B5DA7CB5284D4ACF00AFA436 /* APIError.swift */,
				B5DA7CB7284D4B5900AFA436 /* SystemEnvironment.swift */,
			);
			path = System;
			sourceTree = "<group>";
		};
/* End PBXGroup section */

/* Begin PBXNativeTarget section */
		B5DA7C58283D2E6A00AFA436 /* AmiiboTCA */ = {
			isa = PBXNativeTarget;
			buildConfigurationList = B5DA7C67283D2E6B00AFA436 /* Build configuration list for PBXNativeTarget "AmiiboTCA" */;
			buildPhases = (
				B5DA7C55283D2E6A00AFA436 /* Sources */,
				B5DA7C56283D2E6A00AFA436 /* Frameworks */,
				B5DA7C57283D2E6A00AFA436 /* Resources */,
			);
			buildRules = (
			);
			dependencies = (
			);
			name = AmiiboTCA;
			packageProductDependencies = (
				B5DA7CAD284D427800AFA436 /* ComposableArchitecture */,
			);
			productName = AmiiboTCA;
			productReference = B5DA7C59283D2E6A00AFA436 /* AmiiboTCA.app */;
			productType = "com.apple.product-type.application";
		};
/* End PBXNativeTarget section */

/* Begin PBXProject section */
		B5DA7C51283D2E6A00AFA436 /* Project object */ = {
			isa = PBXProject;
			attributes = {
				BuildIndependentTargetsInParallel = 1;
				LastSwiftUpdateCheck = 1330;
				LastUpgradeCheck = 1330;
				TargetAttributes = {
					B5DA7C58283D2E6A00AFA436 = {
						CreatedOnToolsVersion = 13.3;
					};
				};
			};
			buildConfigurationList = B5DA7C54283D2E6A00AFA436 /* Build configuration list for PBXProject "AmiiboTCA" */;
			compatibilityVersion = "Xcode 13.0";
			developmentRegion = en;
			hasScannedForEncodings = 0;
			knownRegions = (
				en,
				Base,
			);
			mainGroup = B5DA7C50283D2E6A00AFA436;
			packageReferences = (
				B5DA7CAC284D427800AFA436 /* XCRemoteSwiftPackageReference "swift-composable-architecture" */,
			);
			productRefGroup = B5DA7C5A283D2E6A00AFA436 /* Products */;
			projectDirPath = "";
			projectRoot = "";
			targets = (
				B5DA7C58283D2E6A00AFA436 /* AmiiboTCA */,
			);
		};
/* End PBXProject section */

/* Begin PBXResourcesBuildPhase section */
		B5DA7C57283D2E6A00AFA436 /* Resources */ = {
			isa = PBXResourcesBuildPhase;
			buildActionMask = 2147483647;
			files = (
				B5DA7C64283D2E6B00AFA436 /* Preview Assets.xcassets in Resources */,
				B5DA7C61283D2E6B00AFA436 /* Assets.xcassets in Resources */,
			);
			runOnlyForDeploymentPostprocessing = 0;
		};
/* End PBXResourcesBuildPhase section */

/* Begin PBXSourcesBuildPhase section */
		B5DA7C55283D2E6A00AFA436 /* Sources */ = {
			isa = PBXSourcesBuildPhase;
			buildActionMask = 2147483647;
			files = (
				B5DA7CB8284D4B5900AFA436 /* SystemEnvironment.swift in Sources */,
				B5DA7CB3284D449600AFA436 /* Amiibo.swift in Sources */,
				B5DA7CAA284D2F5500AFA436 /* CartView.swift in Sources */,
				B5DA7CA52849DCF000AFA436 /* ProfileView.swift in Sources */,
				B5DA7CA32849DCE700AFA436 /* AmiiboListView.swift in Sources */,
				B5DA7C5D283D2E6A00AFA436 /* AmiiboTCAApp.swift in Sources */,
				B5DA7C9F2849DBD800AFA436 /* RootView.swift in Sources */,
				B5DA7CB1284D43BC00AFA436 /* AmiiboDomain.swift in Sources */,
				B5DA7CA72849DDB800AFA436 /* AmiiboCell.swift in Sources */,
				B5DA7CB6284D4ACF00AFA436 /* APIError.swift in Sources */,
			);
			runOnlyForDeploymentPostprocessing = 0;
		};
/* End PBXSourcesBuildPhase section */

/* Begin XCBuildConfiguration section */
		B5DA7C65283D2E6B00AFA436 /* Debug */ = {
			isa = XCBuildConfiguration;
			buildSettings = {
				ALWAYS_SEARCH_USER_PATHS = NO;
				CLANG_ANALYZER_NONNULL = YES;
				CLANG_ANALYZER_NUMBER_OBJECT_CONVERSION = YES_AGGRESSIVE;
				CLANG_CXX_LANGUAGE_STANDARD = "gnu++17";
				CLANG_ENABLE_MODULES = YES;
				CLANG_ENABLE_OBJC_ARC = YES;
				CLANG_ENABLE_OBJC_WEAK = YES;
				CLANG_WARN_BLOCK_CAPTURE_AUTORELEASING = YES;
				CLANG_WARN_BOOL_CONVERSION = YES;
				CLANG_WARN_COMMA = YES;
				CLANG_WARN_CONSTANT_CONVERSION = YES;
				CLANG_WARN_DEPRECATED_OBJC_IMPLEMENTATIONS = YES;
				CLANG_WARN_DIRECT_OBJC_ISA_USAGE = YES_ERROR;
				CLANG_WARN_DOCUMENTATION_COMMENTS = YES;
				CLANG_WARN_EMPTY_BODY = YES;
				CLANG_WARN_ENUM_CONVERSION = YES;
				CLANG_WARN_INFINITE_RECURSION = YES;
				CLANG_WARN_INT_CONVERSION = YES;
				CLANG_WARN_NON_LITERAL_NULL_CONVERSION = YES;
				CLANG_WARN_OBJC_IMPLICIT_RETAIN_SELF = YES;
				CLANG_WARN_OBJC_LITERAL_CONVERSION = YES;
				CLANG_WARN_OBJC_ROOT_CLASS = YES_ERROR;
				CLANG_WARN_QUOTED_INCLUDE_IN_FRAMEWORK_HEADER = YES;
				CLANG_WARN_RANGE_LOOP_ANALYSIS = YES;
				CLANG_WARN_STRICT_PROTOTYPES = YES;
				CLANG_WARN_SUSPICIOUS_MOVE = YES;
				CLANG_WARN_UNGUARDED_AVAILABILITY = YES_AGGRESSIVE;
				CLANG_WARN_UNREACHABLE_CODE = YES;
				CLANG_WARN__DUPLICATE_METHOD_MATCH = YES;
				COPY_PHASE_STRIP = NO;
				DEBUG_INFORMATION_FORMAT = dwarf;
				ENABLE_STRICT_OBJC_MSGSEND = YES;
				ENABLE_TESTABILITY = YES;
				GCC_C_LANGUAGE_STANDARD = gnu11;
				GCC_DYNAMIC_NO_PIC = NO;
				GCC_NO_COMMON_BLOCKS = YES;
				GCC_OPTIMIZATION_LEVEL = 0;
				GCC_PREPROCESSOR_DEFINITIONS = (
					"DEBUG=1",
					"$(inherited)",
				);
				GCC_WARN_64_TO_32_BIT_CONVERSION = YES;
				GCC_WARN_ABOUT_RETURN_TYPE = YES_ERROR;
				GCC_WARN_UNDECLARED_SELECTOR = YES;
				GCC_WARN_UNINITIALIZED_AUTOS = YES_AGGRESSIVE;
				GCC_WARN_UNUSED_FUNCTION = YES;
				GCC_WARN_UNUSED_VARIABLE = YES;
				IPHONEOS_DEPLOYMENT_TARGET = 15.4;
				MTL_ENABLE_DEBUG_INFO = INCLUDE_SOURCE;
				MTL_FAST_MATH = YES;
				ONLY_ACTIVE_ARCH = YES;
				SDKROOT = iphoneos;
				SWIFT_ACTIVE_COMPILATION_CONDITIONS = DEBUG;
				SWIFT_OPTIMIZATION_LEVEL = "-Onone";
			};
			name = Debug;
		};
		B5DA7C66283D2E6B00AFA436 /* Release */ = {
			isa = XCBuildConfiguration;
			buildSettings = {
				ALWAYS_SEARCH_USER_PATHS = NO;
				CLANG_ANALYZER_NONNULL = YES;
				CLANG_ANALYZER_NUMBER_OBJECT_CONVERSION = YES_AGGRESSIVE;
				CLANG_CXX_LANGUAGE_STANDARD = "gnu++17";
				CLANG_ENABLE_MODULES = YES;
				CLANG_ENABLE_OBJC_ARC = YES;
				CLANG_ENABLE_OBJC_WEAK = YES;
				CLANG_WARN_BLOCK_CAPTURE_AUTORELEASING = YES;
				CLANG_WARN_BOOL_CONVERSION = YES;
				CLANG_WARN_COMMA = YES;
				CLANG_WARN_CONSTANT_CONVERSION = YES;
				CLANG_WARN_DEPRECATED_OBJC_IMPLEMENTATIONS = YES;
				CLANG_WARN_DIRECT_OBJC_ISA_USAGE = YES_ERROR;
				CLANG_WARN_DOCUMENTATION_COMMENTS = YES;
				CLANG_WARN_EMPTY_BODY = YES;
				CLANG_WARN_ENUM_CONVERSION = YES;
				CLANG_WARN_INFINITE_RECURSION = YES;
				CLANG_WARN_INT_CONVERSION = YES;
				CLANG_WARN_NON_LITERAL_NULL_CONVERSION = YES;
				CLANG_WARN_OBJC_IMPLICIT_RETAIN_SELF = YES;
				CLANG_WARN_OBJC_LITERAL_CONVERSION = YES;
				CLANG_WARN_OBJC_ROOT_CLASS = YES_ERROR;
				CLANG_WARN_QUOTED_INCLUDE_IN_FRAMEWORK_HEADER = YES;
				CLANG_WARN_RANGE_LOOP_ANALYSIS = YES;
				CLANG_WARN_STRICT_PROTOTYPES = YES;
				CLANG_WARN_SUSPICIOUS_MOVE = YES;
				CLANG_WARN_UNGUARDED_AVAILABILITY = YES_AGGRESSIVE;
				CLANG_WARN_UNREACHABLE_CODE = YES;
				CLANG_WARN__DUPLICATE_METHOD_MATCH = YES;
				COPY_PHASE_STRIP = NO;
				DEBUG_INFORMATION_FORMAT = "dwarf-with-dsym";
				ENABLE_NS_ASSERTIONS = NO;
				ENABLE_STRICT_OBJC_MSGSEND = YES;
				GCC_C_LANGUAGE_STANDARD = gnu11;
				GCC_NO_COMMON_BLOCKS = YES;
				GCC_WARN_64_TO_32_BIT_CONVERSION = YES;
				GCC_WARN_ABOUT_RETURN_TYPE = YES_ERROR;
				GCC_WARN_UNDECLARED_SELECTOR = YES;
				GCC_WARN_UNINITIALIZED_AUTOS = YES_AGGRESSIVE;
				GCC_WARN_UNUSED_FUNCTION = YES;
				GCC_WARN_UNUSED_VARIABLE = YES;
				IPHONEOS_DEPLOYMENT_TARGET = 15.4;
				MTL_ENABLE_DEBUG_INFO = NO;
				MTL_FAST_MATH = YES;
				SDKROOT = iphoneos;
				SWIFT_COMPILATION_MODE = wholemodule;
				SWIFT_OPTIMIZATION_LEVEL = "-O";
				VALIDATE_PRODUCT = YES;
			};
			name = Release;
		};
		B5DA7C68283D2E6B00AFA436 /* Debug */ = {
			isa = XCBuildConfiguration;
			buildSettings = {
				ASSETCATALOG_COMPILER_APPICON_NAME = AppIcon;
				ASSETCATALOG_COMPILER_GLOBAL_ACCENT_COLOR_NAME = AccentColor;
				CODE_SIGN_STYLE = Automatic;
				CURRENT_PROJECT_VERSION = 1;
				DEVELOPMENT_ASSET_PATHS = "\"AmiiboTCA/Preview Content\"";
				DEVELOPMENT_TEAM = LHJA6J73E9;
				ENABLE_PREVIEWS = YES;
				GENERATE_INFOPLIST_FILE = YES;
				INFOPLIST_KEY_UIApplicationSceneManifest_Generation = YES;
				INFOPLIST_KEY_UIApplicationSupportsIndirectInputEvents = YES;
				INFOPLIST_KEY_UILaunchScreen_Generation = YES;
				INFOPLIST_KEY_UISupportedInterfaceOrientations_iPad = "UIInterfaceOrientationPortrait UIInterfaceOrientationPortraitUpsideDown UIInterfaceOrientationLandscapeLeft UIInterfaceOrientationLandscapeRight";
				INFOPLIST_KEY_UISupportedInterfaceOrientations_iPhone = "UIInterfaceOrientationPortrait UIInterfaceOrientationLandscapeLeft UIInterfaceOrientationLandscapeRight";
				LD_RUNPATH_SEARCH_PATHS = (
					"$(inherited)",
					"@executable_path/Frameworks",
				);
				MARKETING_VERSION = 1.0;
				PRODUCT_BUNDLE_IDENTIFIER = com.swiftandtips.AmiiboTCA;
				PRODUCT_NAME = "$(TARGET_NAME)";
				SWIFT_EMIT_LOC_STRINGS = YES;
				SWIFT_VERSION = 5.0;
				TARGETED_DEVICE_FAMILY = "1,2";
			};
			name = Debug;
		};
		B5DA7C69283D2E6B00AFA436 /* Release */ = {
			isa = XCBuildConfiguration;
			buildSettings = {
				ASSETCATALOG_COMPILER_APPICON_NAME = AppIcon;
				ASSETCATALOG_COMPILER_GLOBAL_ACCENT_COLOR_NAME = AccentColor;
				CODE_SIGN_STYLE = Automatic;
				CURRENT_PROJECT_VERSION = 1;
				DEVELOPMENT_ASSET_PATHS = "\"AmiiboTCA/Preview Content\"";
				DEVELOPMENT_TEAM = LHJA6J73E9;
				ENABLE_PREVIEWS = YES;
				GENERATE_INFOPLIST_FILE = YES;
				INFOPLIST_KEY_UIApplicationSceneManifest_Generation = YES;
				INFOPLIST_KEY_UIApplicationSupportsIndirectInputEvents = YES;
				INFOPLIST_KEY_UILaunchScreen_Generation = YES;
				INFOPLIST_KEY_UISupportedInterfaceOrientations_iPad = "UIInterfaceOrientationPortrait UIInterfaceOrientationPortraitUpsideDown UIInterfaceOrientationLandscapeLeft UIInterfaceOrientationLandscapeRight";
				INFOPLIST_KEY_UISupportedInterfaceOrientations_iPhone = "UIInterfaceOrientationPortrait UIInterfaceOrientationLandscapeLeft UIInterfaceOrientationLandscapeRight";
				LD_RUNPATH_SEARCH_PATHS = (
					"$(inherited)",
					"@executable_path/Frameworks",
				);
				MARKETING_VERSION = 1.0;
				PRODUCT_BUNDLE_IDENTIFIER = com.swiftandtips.AmiiboTCA;
				PRODUCT_NAME = "$(TARGET_NAME)";
				SWIFT_EMIT_LOC_STRINGS = YES;
				SWIFT_VERSION = 5.0;
				TARGETED_DEVICE_FAMILY = "1,2";
			};
			name = Release;
		};
/* End XCBuildConfiguration section */

/* Begin XCConfigurationList section */
		B5DA7C54283D2E6A00AFA436 /* Build configuration list for PBXProject "AmiiboTCA" */ = {
			isa = XCConfigurationList;
			buildConfigurations = (
				B5DA7C65283D2E6B00AFA436 /* Debug */,
				B5DA7C66283D2E6B00AFA436 /* Release */,
			);
			defaultConfigurationIsVisible = 0;
			defaultConfigurationName = Release;
		};
		B5DA7C67283D2E6B00AFA436 /* Build configuration list for PBXNativeTarget "AmiiboTCA" */ = {
			isa = XCConfigurationList;
			buildConfigurations = (
				B5DA7C68283D2E6B00AFA436 /* Debug */,
				B5DA7C69283D2E6B00AFA436 /* Release */,
			);
			defaultConfigurationIsVisible = 0;
			defaultConfigurationName = Release;
		};
/* End XCConfigurationList section */

/* Begin XCRemoteSwiftPackageReference section */
		B5DA7CAC284D427800AFA436 /* XCRemoteSwiftPackageReference "swift-composable-architecture" */ = {
			isa = XCRemoteSwiftPackageReference;
			repositoryURL = "https://github.com/pointfreeco/swift-composable-architecture.git";
			requirement = {
				kind = upToNextMajorVersion;
				minimumVersion = 0.9.0;
			};
		};
/* End XCRemoteSwiftPackageReference section */

/* Begin XCSwiftPackageProductDependency section */
		B5DA7CAD284D427800AFA436 /* ComposableArchitecture */ = {
			isa = XCSwiftPackageProductDependency;
			package = B5DA7CAC284D427800AFA436 /* XCRemoteSwiftPackageReference "swift-composable-architecture" */;
			productName = ComposableArchitecture;
		};
/* End XCSwiftPackageProductDependency section */
	};
	rootObject = B5DA7C51283D2E6A00AFA436 /* Project object */;
}
